// !$*UTF8*$!
{
	archiveVersion = 1;
	classes = {
	};
	objectVersion = 55;
	objects = {

/* Begin PBXBuildFile section */
		CEF2578927351F9400D70191 /* AppDelegate.swift in Sources */ = {isa = PBXBuildFile; fileRef = CEF2578827351F9400D70191 /* AppDelegate.swift */; };
		CEF2578B27351F9400D70191 /* SceneDelegate.swift in Sources */ = {isa = PBXBuildFile; fileRef = CEF2578A27351F9400D70191 /* SceneDelegate.swift */; };
		CEF2578D27351F9400D70191 /* ViewController.swift in Sources */ = {isa = PBXBuildFile; fileRef = CEF2578C27351F9400D70191 /* ViewController.swift */; };
		CEF2579027351F9400D70191 /* Main.storyboard in Resources */ = {isa = PBXBuildFile; fileRef = CEF2578E27351F9400D70191 /* Main.storyboard */; };
		CEF2579327351F9400D70191 /* DemoForSnapKit.xcdatamodeld in Sources */ = {isa = PBXBuildFile; fileRef = CEF2579127351F9400D70191 /* DemoForSnapKit.xcdatamodeld */; };
		CEF2579527351F9600D70191 /* Assets.xcassets in Resources */ = {isa = PBXBuildFile; fileRef = CEF2579427351F9600D70191 /* Assets.xcassets */; };
		CEF2579827351F9600D70191 /* LaunchScreen.storyboard in Resources */ = {isa = PBXBuildFile; fileRef = CEF2579627351F9600D70191 /* LaunchScreen.storyboard */; };
		DA30E5E9DBC9A7CDFA206D6C /* Pods_DemoForSnapKit.framework in Frameworks */ = {isa = PBXBuildFile; fileRef = 9CF4917AB27404ED1DA13F51 /* Pods_DemoForSnapKit.framework */; };
/* End PBXBuildFile section */

/* Begin PBXFileReference section */
		21037B97AE9E84947460DB7A /* Pods-DemoForSnapKit.release.xcconfig */ = {isa = PBXFileReference; includeInIndex = 1; lastKnownFileType = text.xcconfig; name = "Pods-DemoForSnapKit.release.xcconfig"; path = "Target Support Files/Pods-DemoForSnapKit/Pods-DemoForSnapKit.release.xcconfig"; sourceTree = "<group>"; };
		9CF4917AB27404ED1DA13F51 /* Pods_DemoForSnapKit.framework */ = {isa = PBXFileReference; explicitFileType = wrapper.framework; includeInIndex = 0; path = Pods_DemoForSnapKit.framework; sourceTree = BUILT_PRODUCTS_DIR; };
		C15FBD9D560453F1D3E50166 /* Pods-DemoForSnapKit.debug.xcconfig */ = {isa = PBXFileReference; includeInIndex = 1; lastKnownFileType = text.xcconfig; name = "Pods-DemoForSnapKit.debug.xcconfig"; path = "Target Support Files/Pods-DemoForSnapKit/Pods-DemoForSnapKit.debug.xcconfig"; sourceTree = "<group>"; };
		CEF2578527351F9400D70191 /* DemoForSnapKit.app */ = {isa = PBXFileReference; explicitFileType = wrapper.application; includeInIndex = 0; path = DemoForSnapKit.app; sourceTree = BUILT_PRODUCTS_DIR; };
		CEF2578827351F9400D70191 /* AppDelegate.swift */ = {isa = PBXFileReference; lastKnownFileType = sourcecode.swift; path = AppDelegate.swift; sourceTree = "<group>"; };
		CEF2578A27351F9400D70191 /* SceneDelegate.swift */ = {isa = PBXFileReference; lastKnownFileType = sourcecode.swift; path = SceneDelegate.swift; sourceTree = "<group>"; };
		CEF2578C27351F9400D70191 /* ViewController.swift */ = {isa = PBXFileReference; lastKnownFileType = sourcecode.swift; path = ViewController.swift; sourceTree = "<group>"; };
		CEF2578F27351F9400D70191 /* Base */ = {isa = PBXFileReference; lastKnownFileType = file.storyboard; name = Base; path = Base.lproj/Main.storyboard; sourceTree = "<group>"; };
		CEF2579227351F9400D70191 /* DemoForSnapKit.xcdatamodel */ = {isa = PBXFileReference; lastKnownFileType = wrapper.xcdatamodel; path = DemoForSnapKit.xcdatamodel; sourceTree = "<group>"; };
		CEF2579427351F9600D70191 /* Assets.xcassets */ = {isa = PBXFileReference; lastKnownFileType = folder.assetcatalog; path = Assets.xcassets; sourceTree = "<group>"; };
		CEF2579727351F9600D70191 /* Base */ = {isa = PBXFileReference; lastKnownFileType = file.storyboard; name = Base; path = Base.lproj/LaunchScreen.storyboard; sourceTree = "<group>"; };
		CEF2579927351F9600D70191 /* Info.plist */ = {isa = PBXFileReference; lastKnownFileType = text.plist.xml; path = Info.plist; sourceTree = "<group>"; };
/* End PBXFileReference section */

/* Begin PBXFrameworksBuildPhase section */
		CEF2578227351F9400D70191 /* Frameworks */ = {
			isa = PBXFrameworksBuildPhase;
			buildActionMask = 2147483647;
			files = (
				DA30E5E9DBC9A7CDFA206D6C /* Pods_DemoForSnapKit.framework in Frameworks */,
			);
			runOnlyForDeploymentPostprocessing = 0;
		};
/* End PBXFrameworksBuildPhase section */

/* Begin PBXGroup section */
		2C0EA4E1EA4C4C6BF8FC11C9 /* Pods */ = {
			isa = PBXGroup;
			children = (
				C15FBD9D560453F1D3E50166 /* Pods-DemoForSnapKit.debug.xcconfig */,
				21037B97AE9E84947460DB7A /* Pods-DemoForSnapKit.release.xcconfig */,
			);
			name = Pods;
			path = Pods;
			sourceTree = "<group>";
		};
		8F977210FEAB22C2561EE82C /* Frameworks */ = {
			isa = PBXGroup;
			children = (
				9CF4917AB27404ED1DA13F51 /* Pods_DemoForSnapKit.framework */,
			);
			name = Frameworks;
			sourceTree = "<group>";
		};
		CEF2577C27351F9400D70191 = {
			isa = PBXGroup;
			children = (
				CEF2578727351F9400D70191 /* DemoForSnapKit */,
				CEF2578627351F9400D70191 /* Products */,
				2C0EA4E1EA4C4C6BF8FC11C9 /* Pods */,
				8F977210FEAB22C2561EE82C /* Frameworks */,
			);
			sourceTree = "<group>";
		};
		CEF2578627351F9400D70191 /* Products */ = {
			isa = PBXGroup;
			children = (
				CEF2578527351F9400D70191 /* DemoForSnapKit.app */,
			);
			name = Products;
			sourceTree = "<group>";
		};
		CEF2578727351F9400D70191 /* DemoForSnapKit */ = {
			isa = PBXGroup;
			children = (
				CEF2578827351F9400D70191 /* AppDelegate.swift */,
				CEF2578A27351F9400D70191 /* SceneDelegate.swift */,
				CEF2578C27351F9400D70191 /* ViewController.swift */,
				CEF2578E27351F9400D70191 /* Main.storyboard */,
				CEF2579427351F9600D70191 /* Assets.xcassets */,
				CEF2579627351F9600D70191 /* LaunchScreen.storyboard */,
				CEF2579927351F9600D70191 /* Info.plist */,
				CEF2579127351F9400D70191 /* DemoForSnapKit.xcdatamodeld */,
			);
			path = DemoForSnapKit;
			sourceTree = "<group>";
		};
/* End PBXGroup section */

/* Begin PBXNativeTarget section */
		CEF2578427351F9400D70191 /* DemoForSnapKit */ = {
			isa = PBXNativeTarget;
			buildConfigurationList = CEF2579C27351F9600D70191 /* Build configuration list for PBXNativeTarget "DemoForSnapKit" */;
			buildPhases = (
				32B6A4732EEB29DC931E151F /* [CP] Check Pods Manifest.lock */,
				CEF2578127351F9400D70191 /* Sources */,
				CEF2578227351F9400D70191 /* Frameworks */,
				CEF2578327351F9400D70191 /* Resources */,
				FF903E98B922757AE0C6D80F /* [CP] Embed Pods Frameworks */,
			);
			buildRules = (
			);
			dependencies = (
			);
			name = DemoForSnapKit;
			productName = DemoForSnapKit;
			productReference = CEF2578527351F9400D70191 /* DemoForSnapKit.app */;
			productType = "com.apple.product-type.application";
		};
/* End PBXNativeTarget section */

/* Begin PBXProject section */
		CEF2577D27351F9400D70191 /* Project object */ = {
			isa = PBXProject;
			attributes = {
				BuildIndependentTargetsInParallel = 1;
				LastSwiftUpdateCheck = 1300;
				LastUpgradeCheck = 1300;
				TargetAttributes = {
					CEF2578427351F9400D70191 = {
						CreatedOnToolsVersion = 13.0;
					};
				};
			};
			buildConfigurationList = CEF2578027351F9400D70191 /* Build configuration list for PBXProject "DemoForSnapKit" */;
			compatibilityVersion = "Xcode 13.0";
			developmentRegion = en;
			hasScannedForEncodings = 0;
			knownRegions = (
				en,
				Base,
			);
			mainGroup = CEF2577C27351F9400D70191;
			productRefGroup = CEF2578627351F9400D70191 /* Products */;
			projectDirPath = "";
			projectRoot = "";
			targets = (
				CEF2578427351F9400D70191 /* DemoForSnapKit */,
			);
		};
/* End PBXProject section */

/* Begin PBXResourcesBuildPhase section */
		CEF2578327351F9400D70191 /* Resources */ = {
			isa = PBXResourcesBuildPhase;
			buildActionMask = 2147483647;
			files = (
				CEF2579827351F9600D70191 /* LaunchScreen.storyboard in Resources */,
				CEF2579527351F9600D70191 /* Assets.xcassets in Resources */,
				CEF2579027351F9400D70191 /* Main.storyboard in Resources */,
			);
			runOnlyForDeploymentPostprocessing = 0;
		};
/* End PBXResourcesBuildPhase section */

/* Begin PBXShellScriptBuildPhase section */
		32B6A4732EEB29DC931E151F /* [CP] Check Pods Manifest.lock */ = {
			isa = PBXShellScriptBuildPhase;
			buildActionMask = 2147483647;
			files = (
			);
			inputFileListPaths = (
			);
			inputPaths = (
				"${PODS_PODFILE_DIR_PATH}/Podfile.lock",
				"${PODS_ROOT}/Manifest.lock",
			);
			name = "[CP] Check Pods Manifest.lock";
			outputFileListPaths = (
			);
			outputPaths = (
				"$(DERIVED_FILE_DIR)/Pods-DemoForSnapKit-checkManifestLockResult.txt",
			);
			runOnlyForDeploymentPostprocessing = 0;
			shellPath = /bin/sh;
			shellScript = "diff \"${PODS_PODFILE_DIR_PATH}/Podfile.lock\" \"${PODS_ROOT}/Manifest.lock\" > /dev/null\nif [ $? != 0 ] ; then\n    # print error to STDERR\n    echo \"error: The sandbox is not in sync with the Podfile.lock. Run 'pod install' or update your CocoaPods installation.\" >&2\n    exit 1\nfi\n# This output is used by Xcode 'outputs' to avoid re-running this script phase.\necho \"SUCCESS\" > \"${SCRIPT_OUTPUT_FILE_0}\"\n";
			showEnvVarsInLog = 0;
		};
		FF903E98B922757AE0C6D80F /* [CP] Embed Pods Frameworks */ = {
			isa = PBXShellScriptBuildPhase;
			buildActionMask = 2147483647;
			files = (
			);
			inputFileListPaths = (
				"${PODS_ROOT}/Target Support Files/Pods-DemoForSnapKit/Pods-DemoForSnapKit-frameworks-${CONFIGURATION}-input-files.xcfilelist",
			);
			name = "[CP] Embed Pods Frameworks";
			outputFileListPaths = (
				"${PODS_ROOT}/Target Support Files/Pods-DemoForSnapKit/Pods-DemoForSnapKit-frameworks-${CONFIGURATION}-output-files.xcfilelist",
			);
			runOnlyForDeploymentPostprocessing = 0;
			shellPath = /bin/sh;
			shellScript = "\"${PODS_ROOT}/Target Support Files/Pods-DemoForSnapKit/Pods-DemoForSnapKit-frameworks.sh\"\n";
			showEnvVarsInLog = 0;
		};
/* End PBXShellScriptBuildPhase section */

/* Begin PBXSourcesBuildPhase section */
		CEF2578127351F9400D70191 /* Sources */ = {
			isa = PBXSourcesBuildPhase;
			buildActionMask = 2147483647;
			files = (
				CEF2578D27351F9400D70191 /* ViewController.swift in Sources */,
				CEF2579327351F9400D70191 /* DemoForSnapKit.xcdatamodeld in Sources */,
				CEF2578927351F9400D70191 /* AppDelegate.swift in Sources */,
				CEF2578B27351F9400D70191 /* SceneDelegate.swift in Sources */,
			);
			runOnlyForDeploymentPostprocessing = 0;
		};
/* End PBXSourcesBuildPhase section */

/* Begin PBXVariantGroup section */
		CEF2578E27351F9400D70191 /* Main.storyboard */ = {
			isa = PBXVariantGroup;
			children = (
				CEF2578F27351F9400D70191 /* Base */,
			);
			name = Main.storyboard;
			sourceTree = "<group>";
		};
		CEF2579627351F9600D70191 /* LaunchScreen.storyboard */ = {
			isa = PBXVariantGroup;
			children = (
				CEF2579727351F9600D70191 /* Base */,
			);
			name = LaunchScreen.storyboard;
			sourceTree = "<group>";
		};
/* End PBXVariantGroup section */

/* Begin XCBuildConfiguration section */
		CEF2579A27351F9600D70191 /* Debug */ = {
			isa = XCBuildConfiguration;
			buildSettings = {
				ALWAYS_SEARCH_USER_PATHS = NO;
				CLANG_ANALYZER_NONNULL = YES;
				CLANG_ANALYZER_NUMBER_OBJECT_CONVERSION = YES_AGGRESSIVE;
				CLANG_CXX_LANGUAGE_STANDARD = "gnu++17";
				CLANG_CXX_LIBRARY = "libc++";
				CLANG_ENABLE_MODULES = YES;
				CLANG_ENABLE_OBJC_ARC = YES;
				CLANG_ENABLE_OBJC_WEAK = YES;
				CLANG_WARN_BLOCK_CAPTURE_AUTORELEASING = YES;
				CLANG_WARN_BOOL_CONVERSION = YES;
				CLANG_WARN_COMMA = YES;
				CLANG_WARN_CONSTANT_CONVERSION = YES;
				CLANG_WARN_DEPRECATED_OBJC_IMPLEMENTATIONS = YES;
				CLANG_WARN_DIRECT_OBJC_ISA_USAGE = YES_ERROR;
				CLANG_WARN_DOCUMENTATION_COMMENTS = YES;
				CLANG_WARN_EMPTY_BODY = YES;
				CLANG_WARN_ENUM_CONVERSION = YES;
				CLANG_WARN_INFINITE_RECURSION = YES;
				CLANG_WARN_INT_CONVERSION = YES;
				CLANG_WARN_NON_LITERAL_NULL_CONVERSION = YES;
				CLANG_WARN_OBJC_IMPLICIT_RETAIN_SELF = YES;
				CLANG_WARN_OBJC_LITERAL_CONVERSION = YES;
				CLANG_WARN_OBJC_ROOT_CLASS = YES_ERROR;
				CLANG_WARN_QUOTED_INCLUDE_IN_FRAMEWORK_HEADER = YES;
				CLANG_WARN_RANGE_LOOP_ANALYSIS = YES;
				CLANG_WARN_STRICT_PROTOTYPES = YES;
				CLANG_WARN_SUSPICIOUS_MOVE = YES;
				CLANG_WARN_UNGUARDED_AVAILABILITY = YES_AGGRESSIVE;
				CLANG_WARN_UNREACHABLE_CODE = YES;
				CLANG_WARN__DUPLICATE_METHOD_MATCH = YES;
				COPY_PHASE_STRIP = NO;
				DEBUG_INFORMATION_FORMAT = dwarf;
				ENABLE_STRICT_OBJC_MSGSEND = YES;
				ENABLE_TESTABILITY = YES;
				GCC_C_LANGUAGE_STANDARD = gnu11;
				GCC_DYNAMIC_NO_PIC = NO;
				GCC_NO_COMMON_BLOCKS = YES;
				GCC_OPTIMIZATION_LEVEL = 0;
				GCC_PREPROCESSOR_DEFINITIONS = (
					"DEBUG=1",
					"$(inherited)",
				);
				GCC_WARN_64_TO_32_BIT_CONVERSION = YES;
				GCC_WARN_ABOUT_RETURN_TYPE = YES_ERROR;
				GCC_WARN_UNDECLARED_SELECTOR = YES;
				GCC_WARN_UNINITIALIZED_AUTOS = YES_AGGRESSIVE;
				GCC_WARN_UNUSED_FUNCTION = YES;
				GCC_WARN_UNUSED_VARIABLE = YES;
				IPHONEOS_DEPLOYMENT_TARGET = 15.0;
				MTL_ENABLE_DEBUG_INFO = INCLUDE_SOURCE;
				MTL_FAST_MATH = YES;
				ONLY_ACTIVE_ARCH = YES;
				SDKROOT = iphoneos;
				SWIFT_ACTIVE_COMPILATION_CONDITIONS = DEBUG;
				SWIFT_OPTIMIZATION_LEVEL = "-Onone";
			};
			name = Debug;
		};
		CEF2579B27351F9600D70191 /* Release */ = {
			isa = XCBuildConfiguration;
			buildSettings = {
				ALWAYS_SEARCH_USER_PATHS = NO;
				CLANG_ANALYZER_NONNULL = YES;
				CLANG_ANALYZER_NUMBER_OBJECT_CONVERSION = YES_AGGRESSIVE;
				CLANG_CXX_LANGUAGE_STANDARD = "gnu++17";
				CLANG_CXX_LIBRARY = "libc++";
				CLANG_ENABLE_MODULES = YES;
				CLANG_ENABLE_OBJC_ARC = YES;
				CLANG_ENABLE_OBJC_WEAK = YES;
				CLANG_WARN_BLOCK_CAPTURE_AUTORELEASING = YES;
				CLANG_WARN_BOOL_CONVERSION = YES;
				CLANG_WARN_COMMA = YES;
				CLANG_WARN_CONSTANT_CONVERSION = YES;
				CLANG_WARN_DEPRECATED_OBJC_IMPLEMENTATIONS = YES;
				CLANG_WARN_DIRECT_OBJC_ISA_USAGE = YES_ERROR;
				CLANG_WARN_DOCUMENTATION_COMMENTS = YES;
				CLANG_WARN_EMPTY_BODY = YES;
				CLANG_WARN_ENUM_CONVERSION = YES;
				CLANG_WARN_INFINITE_RECURSION = YES;
				CLANG_WARN_INT_CONVERSION = YES;
				CLANG_WARN_NON_LITERAL_NULL_CONVERSION = YES;
				CLANG_WARN_OBJC_IMPLICIT_RETAIN_SELF = YES;
				CLANG_WARN_OBJC_LITERAL_CONVERSION = YES;
				CLANG_WARN_OBJC_ROOT_CLASS = YES_ERROR;
				CLANG_WARN_QUOTED_INCLUDE_IN_FRAMEWORK_HEADER = YES;
				CLANG_WARN_RANGE_LOOP_ANALYSIS = YES;
				CLANG_WARN_STRICT_PROTOTYPES = YES;
				CLANG_WARN_SUSPICIOUS_MOVE = YES;
				CLANG_WARN_UNGUARDED_AVAILABILITY = YES_AGGRESSIVE;
				CLANG_WARN_UNREACHABLE_CODE = YES;
				CLANG_WARN__DUPLICATE_METHOD_MATCH = YES;
				COPY_PHASE_STRIP = NO;
				DEBUG_INFORMATION_FORMAT = "dwarf-with-dsym";
				ENABLE_NS_ASSERTIONS = NO;
				ENABLE_STRICT_OBJC_MSGSEND = YES;
				GCC_C_LANGUAGE_STANDARD = gnu11;
				GCC_NO_COMMON_BLOCKS = YES;
				GCC_WARN_64_TO_32_BIT_CONVERSION = YES;
				GCC_WARN_ABOUT_RETURN_TYPE = YES_ERROR;
				GCC_WARN_UNDECLARED_SELECTOR = YES;
				GCC_WARN_UNINITIALIZED_AUTOS = YES_AGGRESSIVE;
				GCC_WARN_UNUSED_FUNCTION = YES;
				GCC_WARN_UNUSED_VARIABLE = YES;
				IPHONEOS_DEPLOYMENT_TARGET = 15.0;
				MTL_ENABLE_DEBUG_INFO = NO;
				MTL_FAST_MATH = YES;
				SDKROOT = iphoneos;
				SWIFT_COMPILATION_MODE = wholemodule;
				SWIFT_OPTIMIZATION_LEVEL = "-O";
				VALIDATE_PRODUCT = YES;
			};
			name = Release;
		};
		CEF2579D27351F9600D70191 /* Debug */ = {
			isa = XCBuildConfiguration;
			baseConfigurationReference = C15FBD9D560453F1D3E50166 /* Pods-DemoForSnapKit.debug.xcconfig */;
			buildSettings = {
				ASSETCATALOG_COMPILER_APPICON_NAME = AppIcon;
				ASSETCATALOG_COMPILER_GLOBAL_ACCENT_COLOR_NAME = AccentColor;
				CODE_SIGN_STYLE = Automatic;
				CURRENT_PROJECT_VERSION = 1;
				DEVELOPMENT_TEAM = 37T776Q922;
				GENERATE_INFOPLIST_FILE = YES;
				INFOPLIST_FILE = DemoForSnapKit/Info.plist;
				INFOPLIST_KEY_UIApplicationSupportsIndirectInputEvents = YES;
				INFOPLIST_KEY_UILaunchStoryboardName = LaunchScreen;
				INFOPLIST_KEY_UIMainStoryboardFile = Main;
				INFOPLIST_KEY_UISupportedInterfaceOrientations_iPad = "UIInterfaceOrientationPortrait UIInterfaceOrientationPortraitUpsideDown UIInterfaceOrientationLandscapeLeft UIInterfaceOrientationLandscapeRight";
				INFOPLIST_KEY_UISupportedInterfaceOrientations_iPhone = "UIInterfaceOrientationPortrait UIInterfaceOrientationLandscapeLeft UIInterfaceOrientationLandscapeRight";
				LD_RUNPATH_SEARCH_PATHS = (
					"$(inherited)",
					"@executable_path/Frameworks",
				);
				MARKETING_VERSION = 1.0;
				PRODUCT_BUNDLE_IDENTIFIER = azhibekabdrakhmanov.DemoForSnapKit;
				PRODUCT_NAME = "$(TARGET_NAME)";
				SWIFT_EMIT_LOC_STRINGS = YES;
				SWIFT_VERSION = 5.0;
				TARGETED_DEVICE_FAMILY = "1,2";
			};
			name = Debug;
		};
		CEF2579E27351F9600D70191 /* Release */ = {
			isa = XCBuildConfiguration;
			baseConfigurationReference = 21037B97AE9E84947460DB7A /* Pods-DemoForSnapKit.release.xcconfig */;
			buildSettings = {
				ASSETCATALOG_COMPILER_APPICON_NAME = AppIcon;
				ASSETCATALOG_COMPILER_GLOBAL_ACCENT_COLOR_NAME = AccentColor;
				CODE_SIGN_STYLE = Automatic;
				CURRENT_PROJECT_VERSION = 1;
				DEVELOPMENT_TEAM = 37T776Q922;
				GENERATE_INFOPLIST_FILE = YES;
				INFOPLIST_FILE = DemoForSnapKit/Info.plist;
				INFOPLIST_KEY_UIApplicationSupportsIndirectInputEvents = YES;
				INFOPLIST_KEY_UILaunchStoryboardName = LaunchScreen;
				INFOPLIST_KEY_UIMainStoryboardFile = Main;
				INFOPLIST_KEY_UISupportedInterfaceOrientations_iPad = "UIInterfaceOrientationPortrait UIInterfaceOrientationPortraitUpsideDown UIInterfaceOrientationLandscapeLeft UIInterfaceOrientationLandscapeRight";
				INFOPLIST_KEY_UISupportedInterfaceOrientations_iPhone = "UIInterfaceOrientationPortrait UIInterfaceOrientationLandscapeLeft UIInterfaceOrientationLandscapeRight";
				LD_RUNPATH_SEARCH_PATHS = (
					"$(inherited)",
					"@executable_path/Frameworks",
				);
				MARKETING_VERSION = 1.0;
				PRODUCT_BUNDLE_IDENTIFIER = azhibekabdrakhmanov.DemoForSnapKit;
				PRODUCT_NAME = "$(TARGET_NAME)";
				SWIFT_EMIT_LOC_STRINGS = YES;
				SWIFT_VERSION = 5.0;
				TARGETED_DEVICE_FAMILY = "1,2";
			};
			name = Release;
		};
/* End XCBuildConfiguration section */

/* Begin XCConfigurationList section */
		CEF2578027351F9400D70191 /* Build configuration list for PBXProject "DemoForSnapKit" */ = {
			isa = XCConfigurationList;
			buildConfigurations = (
				CEF2579A27351F9600D70191 /* Debug */,
				CEF2579B27351F9600D70191 /* Release */,
			);
			defaultConfigurationIsVisible = 0;
			defaultConfigurationName = Release;
		};
		CEF2579C27351F9600D70191 /* Build configuration list for PBXNativeTarget "DemoForSnapKit" */ = {
			isa = XCConfigurationList;
			buildConfigurations = (
				CEF2579D27351F9600D70191 /* Debug */,
				CEF2579E27351F9600D70191 /* Release */,
			);
			defaultConfigurationIsVisible = 0;
			defaultConfigurationName = Release;
		};
/* End XCConfigurationList section */

/* Begin XCVersionGroup section */
		CEF2579127351F9400D70191 /* DemoForSnapKit.xcdatamodeld */ = {
			isa = XCVersionGroup;
			children = (
				CEF2579227351F9400D70191 /* DemoForSnapKit.xcdatamodel */,
			);
			currentVersion = CEF2579227351F9400D70191 /* DemoForSnapKit.xcdatamodel */;
			path = DemoForSnapKit.xcdatamodeld;
			sourceTree = "<group>";
			versionGroupType = wrapper.xcdatamodel;
		};
/* End XCVersionGroup section */
	};
	rootObject = CEF2577D27351F9400D70191 /* Project object */;
}
